
Microsoft Visual Studio Solution File, Format Version 12.00
# Visual Studio Version 17
VisualStudioVersion = 17.5.33414.496
MinimumVisualStudioVersion = 10.0.40219.1
Project("{9A19103F-16F7-4668-BE54-9A1E7A4F7556}") = "Test", "Test\Test.csproj", "{E89C6159-75A7-436B-B578-24E5AC36971D}"
EndProject
Project("{2150E333-8FDC-42A3-9474-1A3956D46DE8}") = "DAL", "DAL", "{A03142CE-9AB7-486E-A358-ADC992FCE97A}"
EndProject
Project("{2150E333-8FDC-42A3-9474-1A3956D46DE8}") = "Domain", "Domain", "{37CA27B9-8EF5-4E28-8B0F-337E0ED2568F}"
EndProject
Project("{2150E333-8FDC-42A3-9474-1A3956D46DE8}") = "Service", "Service", "{4002BD9C-7E51-429E-8149-759186F747FB}"
EndProject
Project("{9A19103F-16F7-4668-BE54-9A1E7A4F7556}") = "Test.DAL", "Test.DAL\Test.DAL.csproj", "{01D38AE5-9D7E-4A87-A382-503AD37F97CA}"
EndProject
Project("{9A19103F-16F7-4668-BE54-9A1E7A4F7556}") = "Test.Domain", "Test.Domain\Test.Domain.csproj", "{F6885F71-52D3-492A-BBBB-58322061ED1E}"
EndProject
Project("{9A19103F-16F7-4668-BE54-9A1E7A4F7556}") = "Test.Service", "Test.Service\Test.Service.csproj", "{46CB7875-28F8-482A-93BE-F51CCD48CEC5}"
EndProject
Project("{2150E333-8FDC-42A3-9474-1A3956D46DE8}") = "API", "API", "{1DCD82EF-1005-4701-B426-F6F527E30DA0}"
EndProject
Project("{FAE04EC0-301F-11D3-BF4B-00C04F79EFBC}") = "Test.API", "Test.API\Test.API.csproj", "{A4E3FD93-879D-4163-B9F0-BEF62CB3CCEF}"
EndProject
Project("{2150E333-8FDC-42A3-9474-1A3956D46DE8}") = "WPF", "WPF", "{58545BB0-3690-4377-B0DE-F3A3F98BB97E}"
EndProject
Project("{FAE04EC0-301F-11D3-BF4B-00C04F79EFBC}") = "Test.WPF", "Test.WPF\Test.WPF.csproj", "{680EBBBE-F796-4F2B-8398-B025E0109AC8}"
EndProject
Global
	GlobalSection(SolutionConfigurationPlatforms) = preSolution
		Debug|Any CPU = Debug|Any CPU
		Release|Any CPU = Release|Any CPU
	EndGlobalSection
	GlobalSection(ProjectConfigurationPlatforms) = postSolution
		{E89C6159-75A7-436B-B578-24E5AC36971D}.Debug|Any CPU.ActiveCfg = Debug|Any CPU
		{E89C6159-75A7-436B-B578-24E5AC36971D}.Debug|Any CPU.Build.0 = Debug|Any CPU
		{E89C6159-75A7-436B-B578-24E5AC36971D}.Release|Any CPU.ActiveCfg = Release|Any CPU
		{E89C6159-75A7-436B-B578-24E5AC36971D}.Release|Any CPU.Build.0 = Release|Any CPU
		{01D38AE5-9D7E-4A87-A382-503AD37F97CA}.Debug|Any CPU.ActiveCfg = Debug|Any CPU
		{01D38AE5-9D7E-4A87-A382-503AD37F97CA}.Debug|Any CPU.Build.0 = Debug|Any CPU
		{01D38AE5-9D7E-4A87-A382-503AD37F97CA}.Release|Any CPU.ActiveCfg = Release|Any CPU
		{01D38AE5-9D7E-4A87-A382-503AD37F97CA}.Release|Any CPU.Build.0 = Release|Any CPU
		{F6885F71-52D3-492A-BBBB-58322061ED1E}.Debug|Any CPU.ActiveCfg = Debug|Any CPU
		{F6885F71-52D3-492A-BBBB-58322061ED1E}.Debug|Any CPU.Build.0 = Debug|Any CPU
		{F6885F71-52D3-492A-BBBB-58322061ED1E}.Release|Any CPU.ActiveCfg = Release|Any CPU
		{F6885F71-52D3-492A-BBBB-58322061ED1E}.Release|Any CPU.Build.0 = Release|Any CPU
		{46CB7875-28F8-482A-93BE-F51CCD48CEC5}.Debug|Any CPU.ActiveCfg = Debug|Any CPU
		{46CB7875-28F8-482A-93BE-F51CCD48CEC5}.Debug|Any CPU.Build.0 = Debug|Any CPU
		{46CB7875-28F8-482A-93BE-F51CCD48CEC5}.Release|Any CPU.ActiveCfg = Release|Any CPU
		{46CB7875-28F8-482A-93BE-F51CCD48CEC5}.Release|Any CPU.Build.0 = Release|Any CPU
		{A4E3FD93-879D-4163-B9F0-BEF62CB3CCEF}.Debug|Any CPU.ActiveCfg = Debug|Any CPU
		{A4E3FD93-879D-4163-B9F0-BEF62CB3CCEF}.Debug|Any CPU.Build.0 = Debug|Any CPU
		{A4E3FD93-879D-4163-B9F0-BEF62CB3CCEF}.Release|Any CPU.ActiveCfg = Release|Any CPU
		{A4E3FD93-879D-4163-B9F0-BEF62CB3CCEF}.Release|Any CPU.Build.0 = Release|Any CPU
		{680EBBBE-F796-4F2B-8398-B025E0109AC8}.Debug|Any CPU.ActiveCfg = Debug|Any CPU
		{680EBBBE-F796-4F2B-8398-B025E0109AC8}.Debug|Any CPU.Build.0 = Debug|Any CPU
		{680EBBBE-F796-4F2B-8398-B025E0109AC8}.Release|Any CPU.ActiveCfg = Release|Any CPU
		{680EBBBE-F796-4F2B-8398-B025E0109AC8}.Release|Any CPU.Build.0 = Release|Any CPU
	EndGlobalSection
	GlobalSection(SolutionProperties) = preSolution
		HideSolutionNode = FALSE
	EndGlobalSection
	GlobalSection(NestedProjects) = preSolution
		{01D38AE5-9D7E-4A87-A382-503AD37F97CA} = {A03142CE-9AB7-486E-A358-ADC992FCE97A}
		{F6885F71-52D3-492A-BBBB-58322061ED1E} = {37CA27B9-8EF5-4E28-8B0F-337E0ED2568F}
		{46CB7875-28F8-482A-93BE-F51CCD48CEC5} = {4002BD9C-7E51-429E-8149-759186F747FB}
		{A4E3FD93-879D-4163-B9F0-BEF62CB3CCEF} = {1DCD82EF-1005-4701-B426-F6F527E30DA0}
		{680EBBBE-F796-4F2B-8398-B025E0109AC8} = {58545BB0-3690-4377-B0DE-F3A3F98BB97E}
	EndGlobalSection
	GlobalSection(ExtensibilityGlobals) = postSolution
		SolutionGuid = {F11BA6F7-48FD-4068-ADA8-BC381A35010F}
	EndGlobalSection
EndGlobal
